
Microsoft Visual Studio Solution File, Format Version 12.00
# Visual Studio Version 16
VisualStudioVersion = 16.0.29709.97
MinimumVisualStudioVersion = 10.0.40219.1
Project("{8BC9CEB8-8B4A-11D0-8D11-00A0C91BC942}") = "week7_assignment", "week7_assignment.vcxproj", "{075AFFA6-EA03-4E88-8630-22D09AA3C67F}"
EndProject
Global
	GlobalSection(SolutionConfigurationPlatforms) = preSolution
		Debug|x64 = Debug|x64
		Debug|x86 = Debug|x86
		Release|x64 = Release|x64
		Release|x86 = Release|x86
	EndGlobalSection
	GlobalSection(ProjectConfigurationPlatforms) = postSolution
		{075AFFA6-EA03-4E88-8630-22D09AA3C67F}.Debug|x64.ActiveCfg = Debug|x64
		{075AFFA6-EA03-4E88-8630-22D09AA3C67F}.Debug|x64.Build.0 = Debug|x64
		{075AFFA6-EA03-4E88-8630-22D09AA3C67F}.Debug|x86.ActiveCfg = Debug|Win32
		{075AFFA6-EA03-4E88-8630-22D09AA3C67F}.Debug|x86.Build.0 = Debug|Win32
		{075AFFA6-EA03-4E88-8630-22D09AA3C67F}.Release|x64.ActiveCfg = Release|x64
		{075AFFA6-EA03-4E88-8630-22D09AA3C67F}.Release|x64.Build.0 = Release|x64
		{075AFFA6-EA03-4E88-8630-22D09AA3C67F}.Release|x86.ActiveCfg = Release|Win32
		{075AFFA6-EA03-4E88-8630-22D09AA3C67F}.Release|x86.Build.0 = Release|Win32
	EndGlobalSection
	GlobalSection(SolutionProperties) = preSolution
		HideSolutionNode = FALSE
	EndGlobalSection
	GlobalSection(ExtensibilityGlobals) = postSolution
		SolutionGuid = {1BAD8BE2-8DFA-4352-A1B3-ECB9B9093341}
	EndGlobalSection
EndGlobal
